
Microsoft Visual Studio Solution File, Format Version 12.00
# Visual Studio 15
VisualStudioVersion = 15.0.27130.2027
MinimumVisualStudioVersion = 10.0.40219.1
Project("{FAE04EC0-301F-11D3-BF4B-00C04F79EFBC}") = "WebUI", "WebUI\WebUI.csproj", "{63433927-3F3B-4904-9C36-3198FFAE98BA}"
EndProject
Global
	GlobalSection(SolutionConfigurationPlatforms) = preSolution
		Debug|Any CPU = Debug|Any CPU
		Release|Any CPU = Release|Any CPU
	EndGlobalSection
	GlobalSection(ProjectConfigurationPlatforms) = postSolution
		{63433927-3F3B-4904-9C36-3198FFAE98BA}.Debug|Any CPU.ActiveCfg = Debug|Any CPU
		{63433927-3F3B-4904-9C36-3198FFAE98BA}.Debug|Any CPU.Build.0 = Debug|Any CPU
		{63433927-3F3B-4904-9C36-3198FFAE98BA}.Release|Any CPU.ActiveCfg = Release|Any CPU
		{63433927-3F3B-4904-9C36-3198FFAE98BA}.Release|Any CPU.Build.0 = Release|Any CPU
	EndGlobalSection
	GlobalSection(SolutionProperties) = preSolution
		HideSolutionNode = FALSE
	EndGlobalSection
	GlobalSection(ExtensibilityGlobals) = postSolution
		SolutionGuid = {0FF31EF7-CB50-4E9B-9900-A60E40F48095}
	EndGlobalSection
EndGlobal
